// !$*UTF8*$!
{
	archiveVersion = 1;
	classes = {
	};
	objectVersion = 46;
	objects = {

/* Begin PBXBuildFile section */
		E53193951E777BD100C72532 /* Emoji.swift in Sources */ = {isa = PBXBuildFile; fileRef = E53193941E777BD100C72532 /* Emoji.swift */; };
		E53193991E777F9D00C72532 /* DetailedViewController.swift in Sources */ = {isa = PBXBuildFile; fileRef = E53193981E777F9D00C72532 /* DetailedViewController.swift */; };
		E54F2A7E1E776BD20077844C /* AppDelegate.swift in Sources */ = {isa = PBXBuildFile; fileRef = E54F2A7D1E776BD20077844C /* AppDelegate.swift */; };
		E54F2A801E776BD20077844C /* ViewController.swift in Sources */ = {isa = PBXBuildFile; fileRef = E54F2A7F1E776BD20077844C /* ViewController.swift */; };
		E54F2A831E776BD20077844C /* Main.storyboard in Resources */ = {isa = PBXBuildFile; fileRef = E54F2A811E776BD20077844C /* Main.storyboard */; };
		E54F2A851E776BD20077844C /* Assets.xcassets in Resources */ = {isa = PBXBuildFile; fileRef = E54F2A841E776BD20077844C /* Assets.xcassets */; };
		E54F2A881E776BD20077844C /* LaunchScreen.storyboard in Resources */ = {isa = PBXBuildFile; fileRef = E54F2A861E776BD20077844C /* LaunchScreen.storyboard */; };
		E54F2A931E776BD20077844C /* EmojiDictionaryTests.swift in Sources */ = {isa = PBXBuildFile; fileRef = E54F2A921E776BD20077844C /* EmojiDictionaryTests.swift */; };
		E54F2A9E1E776BD20077844C /* EmojiDictionaryUITests.swift in Sources */ = {isa = PBXBuildFile; fileRef = E54F2A9D1E776BD20077844C /* EmojiDictionaryUITests.swift */; };
/* End PBXBuildFile section */

/* Begin PBXContainerItemProxy section */
		E54F2A8F1E776BD20077844C /* PBXContainerItemProxy */ = {
			isa = PBXContainerItemProxy;
			containerPortal = E54F2A721E776BD20077844C /* Project object */;
			proxyType = 1;
			remoteGlobalIDString = E54F2A791E776BD20077844C;
			remoteInfo = EmojiDictionary;
		};
		E54F2A9A1E776BD20077844C /* PBXContainerItemProxy */ = {
			isa = PBXContainerItemProxy;
			containerPortal = E54F2A721E776BD20077844C /* Project object */;
			proxyType = 1;
			remoteGlobalIDString = E54F2A791E776BD20077844C;
			remoteInfo = EmojiDictionary;
		};
/* End PBXContainerItemProxy section */

/* Begin PBXFileReference section */
		E53193941E777BD100C72532 /* Emoji.swift */ = {isa = PBXFileReference; fileEncoding = 4; lastKnownFileType = sourcecode.swift; path = Emoji.swift; sourceTree = "<group>"; };
		E53193981E777F9D00C72532 /* DetailedViewController.swift */ = {isa = PBXFileReference; fileEncoding = 4; lastKnownFileType = sourcecode.swift; path = DetailedViewController.swift; sourceTree = "<group>"; };
		E54F2A7A1E776BD20077844C /* EmojiDictionary.app */ = {isa = PBXFileReference; explicitFileType = wrapper.application; includeInIndex = 0; path = EmojiDictionary.app; sourceTree = BUILT_PRODUCTS_DIR; };
		E54F2A7D1E776BD20077844C /* AppDelegate.swift */ = {isa = PBXFileReference; lastKnownFileType = sourcecode.swift; path = AppDelegate.swift; sourceTree = "<group>"; };
		E54F2A7F1E776BD20077844C /* ViewController.swift */ = {isa = PBXFileReference; lastKnownFileType = sourcecode.swift; path = ViewController.swift; sourceTree = "<group>"; };
		E54F2A821E776BD20077844C /* Base */ = {isa = PBXFileReference; lastKnownFileType = file.storyboard; name = Base; path = Base.lproj/Main.storyboard; sourceTree = "<group>"; };
		E54F2A841E776BD20077844C /* Assets.xcassets */ = {isa = PBXFileReference; lastKnownFileType = folder.assetcatalog; path = Assets.xcassets; sourceTree = "<group>"; };
		E54F2A871E776BD20077844C /* Base */ = {isa = PBXFileReference; lastKnownFileType = file.storyboard; name = Base; path = Base.lproj/LaunchScreen.storyboard; sourceTree = "<group>"; };
		E54F2A891E776BD20077844C /* Info.plist */ = {isa = PBXFileReference; lastKnownFileType = text.plist.xml; path = Info.plist; sourceTree = "<group>"; };
		E54F2A8E1E776BD20077844C /* EmojiDictionaryTests.xctest */ = {isa = PBXFileReference; explicitFileType = wrapper.cfbundle; includeInIndex = 0; path = EmojiDictionaryTests.xctest; sourceTree = BUILT_PRODUCTS_DIR; };
		E54F2A921E776BD20077844C /* EmojiDictionaryTests.swift */ = {isa = PBXFileReference; lastKnownFileType = sourcecode.swift; path = EmojiDictionaryTests.swift; sourceTree = "<group>"; };
		E54F2A941E776BD20077844C /* Info.plist */ = {isa = PBXFileReference; lastKnownFileType = text.plist.xml; path = Info.plist; sourceTree = "<group>"; };
		E54F2A991E776BD20077844C /* EmojiDictionaryUITests.xctest */ = {isa = PBXFileReference; explicitFileType = wrapper.cfbundle; includeInIndex = 0; path = EmojiDictionaryUITests.xctest; sourceTree = BUILT_PRODUCTS_DIR; };
		E54F2A9D1E776BD20077844C /* EmojiDictionaryUITests.swift */ = {isa = PBXFileReference; lastKnownFileType = sourcecode.swift; path = EmojiDictionaryUITests.swift; sourceTree = "<group>"; };
		E54F2A9F1E776BD20077844C /* Info.plist */ = {isa = PBXFileReference; lastKnownFileType = text.plist.xml; path = Info.plist; sourceTree = "<group>"; };
/* End PBXFileReference section */

/* Begin PBXFrameworksBuildPhase section */
		E54F2A771E776BD20077844C /* Frameworks */ = {
			isa = PBXFrameworksBuildPhase;
			buildActionMask = 2147483647;
			files = (
			);
			runOnlyForDeploymentPostprocessing = 0;
		};
		E54F2A8B1E776BD20077844C /* Frameworks */ = {
			isa = PBXFrameworksBuildPhase;
			buildActionMask = 2147483647;
			files = (
			);
			runOnlyForDeploymentPostprocessing = 0;
		};
		E54F2A961E776BD20077844C /* Frameworks */ = {
			isa = PBXFrameworksBuildPhase;
			buildActionMask = 2147483647;
			files = (
			);
			runOnlyForDeploymentPostprocessing = 0;
		};
/* End PBXFrameworksBuildPhase section */

/* Begin PBXGroup section */
		E54F2A711E776BD20077844C = {
			isa = PBXGroup;
			children = (
				E54F2A7C1E776BD20077844C /* EmojiDictionary */,
				E54F2A911E776BD20077844C /* EmojiDictionaryTests */,
				E54F2A9C1E776BD20077844C /* EmojiDictionaryUITests */,
				E54F2A7B1E776BD20077844C /* Products */,
			);
			sourceTree = "<group>";
		};
		E54F2A7B1E776BD20077844C /* Products */ = {
			isa = PBXGroup;
			children = (
				E54F2A7A1E776BD20077844C /* EmojiDictionary.app */,
				E54F2A8E1E776BD20077844C /* EmojiDictionaryTests.xctest */,
				E54F2A991E776BD20077844C /* EmojiDictionaryUITests.xctest */,
			);
			name = Products;
			sourceTree = "<group>";
		};
		E54F2A7C1E776BD20077844C /* EmojiDictionary */ = {
			isa = PBXGroup;
			children = (
				E54F2A7D1E776BD20077844C /* AppDelegate.swift */,
				E53193941E777BD100C72532 /* Emoji.swift */,
				E54F2A7F1E776BD20077844C /* ViewController.swift */,
				E53193981E777F9D00C72532 /* DetailedViewController.swift */,
				E54F2A811E776BD20077844C /* Main.storyboard */,
				E54F2A841E776BD20077844C /* Assets.xcassets */,
				E54F2A861E776BD20077844C /* LaunchScreen.storyboard */,
				E54F2A891E776BD20077844C /* Info.plist */,
			);
			path = EmojiDictionary;
			sourceTree = "<group>";
		};
		E54F2A911E776BD20077844C /* EmojiDictionaryTests */ = {
			isa = PBXGroup;
			children = (
				E54F2A921E776BD20077844C /* EmojiDictionaryTests.swift */,
				E54F2A941E776BD20077844C /* Info.plist */,
			);
			path = EmojiDictionaryTests;
			sourceTree = "<group>";
		};
		E54F2A9C1E776BD20077844C /* EmojiDictionaryUITests */ = {
			isa = PBXGroup;
			children = (
				E54F2A9D1E776BD20077844C /* EmojiDictionaryUITests.swift */,
				E54F2A9F1E776BD20077844C /* Info.plist */,
			);
			path = EmojiDictionaryUITests;
			sourceTree = "<group>";
		};
/* End PBXGroup section */

/* Begin PBXNativeTarget section */
		E54F2A791E776BD20077844C /* EmojiDictionary */ = {
			isa = PBXNativeTarget;
			buildConfigurationList = E54F2AA21E776BD20077844C /* Build configuration list for PBXNativeTarget "EmojiDictionary" */;
			buildPhases = (
				E54F2A761E776BD20077844C /* Sources */,
				E54F2A771E776BD20077844C /* Frameworks */,
				E54F2A781E776BD20077844C /* Resources */,
			);
			buildRules = (
			);
			dependencies = (
			);
			name = EmojiDictionary;
			productName = EmojiDictionary;
			productReference = E54F2A7A1E776BD20077844C /* EmojiDictionary.app */;
			productType = "com.apple.product-type.application";
		};
		E54F2A8D1E776BD20077844C /* EmojiDictionaryTests */ = {
			isa = PBXNativeTarget;
			buildConfigurationList = E54F2AA51E776BD20077844C /* Build configuration list for PBXNativeTarget "EmojiDictionaryTests" */;
			buildPhases = (
				E54F2A8A1E776BD20077844C /* Sources */,
				E54F2A8B1E776BD20077844C /* Frameworks */,
				E54F2A8C1E776BD20077844C /* Resources */,
			);
			buildRules = (
			);
			dependencies = (
				E54F2A901E776BD20077844C /* PBXTargetDependency */,
			);
			name = EmojiDictionaryTests;
			productName = EmojiDictionaryTests;
			productReference = E54F2A8E1E776BD20077844C /* EmojiDictionaryTests.xctest */;
			productType = "com.apple.product-type.bundle.unit-test";
		};
		E54F2A981E776BD20077844C /* EmojiDictionaryUITests */ = {
			isa = PBXNativeTarget;
			buildConfigurationList = E54F2AA81E776BD20077844C /* Build configuration list for PBXNativeTarget "EmojiDictionaryUITests" */;
			buildPhases = (
				E54F2A951E776BD20077844C /* Sources */,
				E54F2A961E776BD20077844C /* Frameworks */,
				E54F2A971E776BD20077844C /* Resources */,
			);
			buildRules = (
			);
			dependencies = (
				E54F2A9B1E776BD20077844C /* PBXTargetDependency */,
			);
			name = EmojiDictionaryUITests;
			productName = EmojiDictionaryUITests;
			productReference = E54F2A991E776BD20077844C /* EmojiDictionaryUITests.xctest */;
			productType = "com.apple.product-type.bundle.ui-testing";
		};
/* End PBXNativeTarget section */

/* Begin PBXProject section */
		E54F2A721E776BD20077844C /* Project object */ = {
			isa = PBXProject;
			attributes = {
				LastSwiftUpdateCheck = 0820;
				LastUpgradeCheck = 0820;
				ORGANIZATIONNAME = "Kyle Reddeman";
				TargetAttributes = {
					E54F2A791E776BD20077844C = {
						CreatedOnToolsVersion = 8.2.1;
						ProvisioningStyle = Automatic;
					};
					E54F2A8D1E776BD20077844C = {
						CreatedOnToolsVersion = 8.2.1;
						ProvisioningStyle = Automatic;
						TestTargetID = E54F2A791E776BD20077844C;
					};
					E54F2A981E776BD20077844C = {
						CreatedOnToolsVersion = 8.2.1;
						ProvisioningStyle = Automatic;
						TestTargetID = E54F2A791E776BD20077844C;
					};
				};
			};
			buildConfigurationList = E54F2A751E776BD20077844C /* Build configuration list for PBXProject "EmojiDictionary" */;
			compatibilityVersion = "Xcode 3.2";
			developmentRegion = English;
			hasScannedForEncodings = 0;
			knownRegions = (
				en,
				Base,
			);
			mainGroup = E54F2A711E776BD20077844C;
			productRefGroup = E54F2A7B1E776BD20077844C /* Products */;
			projectDirPath = "";
			projectRoot = "";
			targets = (
				E54F2A791E776BD20077844C /* EmojiDictionary */,
				E54F2A8D1E776BD20077844C /* EmojiDictionaryTests */,
				E54F2A981E776BD20077844C /* EmojiDictionaryUITests */,
			);
		};
/* End PBXProject section */

/* Begin PBXResourcesBuildPhase section */
		E54F2A781E776BD20077844C /* Resources */ = {
			isa = PBXResourcesBuildPhase;
			buildActionMask = 2147483647;
			files = (
				E54F2A881E776BD20077844C /* LaunchScreen.storyboard in Resources */,
				E54F2A851E776BD20077844C /* Assets.xcassets in Resources */,
				E54F2A831E776BD20077844C /* Main.storyboard in Resources */,
			);
			runOnlyForDeploymentPostprocessing = 0;
		};
		E54F2A8C1E776BD20077844C /* Resources */ = {
			isa = PBXResourcesBuildPhase;
			buildActionMask = 2147483647;
			files = (
			);
			runOnlyForDeploymentPostprocessing = 0;
		};
		E54F2A971E776BD20077844C /* Resources */ = {
			isa = PBXResourcesBuildPhase;
			buildActionMask = 2147483647;
			files = (
			);
			runOnlyForDeploymentPostprocessing = 0;
		};
/* End PBXResourcesBuildPhase section */

/* Begin PBXSourcesBuildPhase section */
		E54F2A761E776BD20077844C /* Sources */ = {
			isa = PBXSourcesBuildPhase;
			buildActionMask = 2147483647;
			files = (
				E53193951E777BD100C72532 /* Emoji.swift in Sources */,
				E54F2A801E776BD20077844C /* ViewController.swift in Sources */,
				E53193991E777F9D00C72532 /* DetailedViewController.swift in Sources */,
				E54F2A7E1E776BD20077844C /* AppDelegate.swift in Sources */,
			);
			runOnlyForDeploymentPostprocessing = 0;
		};
		E54F2A8A1E776BD20077844C /* Sources */ = {
			isa = PBXSourcesBuildPhase;
			buildActionMask = 2147483647;
			files = (
				E54F2A931E776BD20077844C /* EmojiDictionaryTests.swift in Sources */,
			);
			runOnlyForDeploymentPostprocessing = 0;
		};
		E54F2A951E776BD20077844C /* Sources */ = {
			isa = PBXSourcesBuildPhase;
			buildActionMask = 2147483647;
			files = (
				E54F2A9E1E776BD20077844C /* EmojiDictionaryUITests.swift in Sources */,
			);
			runOnlyForDeploymentPostprocessing = 0;
		};
/* End PBXSourcesBuildPhase section */

/* Begin PBXTargetDependency section */
		E54F2A901E776BD20077844C /* PBXTargetDependency */ = {
			isa = PBXTargetDependency;
			target = E54F2A791E776BD20077844C /* EmojiDictionary */;
			targetProxy = E54F2A8F1E776BD20077844C /* PBXContainerItemProxy */;
		};
		E54F2A9B1E776BD20077844C /* PBXTargetDependency */ = {
			isa = PBXTargetDependency;
			target = E54F2A791E776BD20077844C /* EmojiDictionary */;
			targetProxy = E54F2A9A1E776BD20077844C /* PBXContainerItemProxy */;
		};
/* End PBXTargetDependency section */

/* Begin PBXVariantGroup section */
		E54F2A811E776BD20077844C /* Main.storyboard */ = {
			isa = PBXVariantGroup;
			children = (
				E54F2A821E776BD20077844C /* Base */,
			);
			name = Main.storyboard;
			sourceTree = "<group>";
		};
		E54F2A861E776BD20077844C /* LaunchScreen.storyboard */ = {
			isa = PBXVariantGroup;
			children = (
				E54F2A871E776BD20077844C /* Base */,
			);
			name = LaunchScreen.storyboard;
			sourceTree = "<group>";
		};
/* End PBXVariantGroup section */

/* Begin XCBuildConfiguration section */
		E54F2AA01E776BD20077844C /* Debug */ = {
			isa = XCBuildConfiguration;
			buildSettings = {
				ALWAYS_SEARCH_USER_PATHS = NO;
				CLANG_ANALYZER_NONNULL = YES;
				CLANG_CXX_LANGUAGE_STANDARD = "gnu++0x";
				CLANG_CXX_LIBRARY = "libc++";
				CLANG_ENABLE_MODULES = YES;
				CLANG_ENABLE_OBJC_ARC = YES;
				CLANG_WARN_BOOL_CONVERSION = YES;
				CLANG_WARN_CONSTANT_CONVERSION = YES;
				CLANG_WARN_DIRECT_OBJC_ISA_USAGE = YES_ERROR;
				CLANG_WARN_DOCUMENTATION_COMMENTS = YES;
				CLANG_WARN_EMPTY_BODY = YES;
				CLANG_WARN_ENUM_CONVERSION = YES;
				CLANG_WARN_INFINITE_RECURSION = YES;
				CLANG_WARN_INT_CONVERSION = YES;
				CLANG_WARN_OBJC_ROOT_CLASS = YES_ERROR;
				CLANG_WARN_SUSPICIOUS_MOVE = YES;
				CLANG_WARN_UNREACHABLE_CODE = YES;
				CLANG_WARN__DUPLICATE_METHOD_MATCH = YES;
				"CODE_SIGN_IDENTITY[sdk=iphoneos*]" = "iPhone Developer";
				COPY_PHASE_STRIP = NO;
				DEBUG_INFORMATION_FORMAT = dwarf;
				ENABLE_STRICT_OBJC_MSGSEND = YES;
				ENABLE_TESTABILITY = YES;
				GCC_C_LANGUAGE_STANDARD = gnu99;
				GCC_DYNAMIC_NO_PIC = NO;
				GCC_NO_COMMON_BLOCKS = YES;
				GCC_OPTIMIZATION_LEVEL = 0;
				GCC_PREPROCESSOR_DEFINITIONS = (
					"DEBUG=1",
					"$(inherited)",
				);
				GCC_WARN_64_TO_32_BIT_CONVERSION = YES;
				GCC_WARN_ABOUT_RETURN_TYPE = YES_ERROR;
				GCC_WARN_UNDECLARED_SELECTOR = YES;
				GCC_WARN_UNINITIALIZED_AUTOS = YES_AGGRESSIVE;
				GCC_WARN_UNUSED_FUNCTION = YES;
				GCC_WARN_UNUSED_VARIABLE = YES;
				IPHONEOS_DEPLOYMENT_TARGET = 10.2;
				MTL_ENABLE_DEBUG_INFO = YES;
				ONLY_ACTIVE_ARCH = YES;
				SDKROOT = iphoneos;
				SWIFT_ACTIVE_COMPILATION_CONDITIONS = DEBUG;
				SWIFT_OPTIMIZATION_LEVEL = "-Onone";
				TARGETED_DEVICE_FAMILY = "1,2";
			};
			name = Debug;
		};
		E54F2AA11E776BD20077844C /* Release */ = {
			isa = XCBuildConfiguration;
			buildSettings = {
				ALWAYS_SEARCH_USER_PATHS = NO;
				CLANG_ANALYZER_NONNULL = YES;
				CLANG_CXX_LANGUAGE_STANDARD = "gnu++0x";
				CLANG_CXX_LIBRARY = "libc++";
				CLANG_ENABLE_MODULES = YES;
				CLANG_ENABLE_OBJC_ARC = YES;
				CLANG_WARN_BOOL_CONVERSION = YES;
				CLANG_WARN_CONSTANT_CONVERSION = YES;
				CLANG_WARN_DIRECT_OBJC_ISA_USAGE = YES_ERROR;
				CLANG_WARN_DOCUMENTATION_COMMENTS = YES;
				CLANG_WARN_EMPTY_BODY = YES;
				CLANG_WARN_ENUM_CONVERSION = YES;
				CLANG_WARN_INFINITE_RECURSION = YES;
				CLANG_WARN_INT_CONVERSION = YES;
				CLANG_WARN_OBJC_ROOT_CLASS = YES_ERROR;
				CLANG_WARN_SUSPICIOUS_MOVE = YES;
				CLANG_WARN_UNREACHABLE_CODE = YES;
				CLANG_WARN__DUPLICATE_METHOD_MATCH = YES;
				"CODE_SIGN_IDENTITY[sdk=iphoneos*]" = "iPhone Developer";
				COPY_PHASE_STRIP = NO;
				DEBUG_INFORMATION_FORMAT = "dwarf-with-dsym";
				ENABLE_NS_ASSERTIONS = NO;
				ENABLE_STRICT_OBJC_MSGSEND = YES;
				GCC_C_LANGUAGE_STANDARD = gnu99;
				GCC_NO_COMMON_BLOCKS = YES;
				GCC_WARN_64_TO_32_BIT_CONVERSION = YES;
				GCC_WARN_ABOUT_RETURN_TYPE = YES_ERROR;
				GCC_WARN_UNDECLARED_SELECTOR = YES;
				GCC_WARN_UNINITIALIZED_AUTOS = YES_AGGRESSIVE;
				GCC_WARN_UNUSED_FUNCTION = YES;
				GCC_WARN_UNUSED_VARIABLE = YES;
				IPHONEOS_DEPLOYMENT_TARGET = 10.2;
				MTL_ENABLE_DEBUG_INFO = NO;
				SDKROOT = iphoneos;
				SWIFT_OPTIMIZATION_LEVEL = "-Owholemodule";
				TARGETED_DEVICE_FAMILY = "1,2";
				VALIDATE_PRODUCT = YES;
			};
			name = Release;
		};
		E54F2AA31E776BD20077844C /* Debug */ = {
			isa = XCBuildConfiguration;
			buildSettings = {
				ASSETCATALOG_COMPILER_APPICON_NAME = AppIcon;
				INFOPLIST_FILE = EmojiDictionary/Info.plist;
				LD_RUNPATH_SEARCH_PATHS = "$(inherited) @executable_path/Frameworks";
				PRODUCT_BUNDLE_IDENTIFIER = Kyle.EmojiDictionary;
				PRODUCT_NAME = "$(TARGET_NAME)";
				SWIFT_VERSION = 3.0;
			};
			name = Debug;
		};
		E54F2AA41E776BD20077844C /* Release */ = {
			isa = XCBuildConfiguration;
			buildSettings = {
				ASSETCATALOG_COMPILER_APPICON_NAME = AppIcon;
				INFOPLIST_FILE = EmojiDictionary/Info.plist;
				LD_RUNPATH_SEARCH_PATHS = "$(inherited) @executable_path/Frameworks";
				PRODUCT_BUNDLE_IDENTIFIER = Kyle.EmojiDictionary;
				PRODUCT_NAME = "$(TARGET_NAME)";
				SWIFT_VERSION = 3.0;
			};
			name = Release;
		};
		E54F2AA61E776BD20077844C /* Debug */ = {
			isa = XCBuildConfiguration;
			buildSettings = {
				ALWAYS_EMBED_SWIFT_STANDARD_LIBRARIES = YES;
				BUNDLE_LOADER = "$(TEST_HOST)";
				INFOPLIST_FILE = EmojiDictionaryTests/Info.plist;
				LD_RUNPATH_SEARCH_PATHS = "$(inherited) @executable_path/Frameworks @loader_path/Frameworks";
				PRODUCT_BUNDLE_IDENTIFIER = Kyle.EmojiDictionaryTests;
				PRODUCT_NAME = "$(TARGET_NAME)";
				SWIFT_VERSION = 3.0;
				TEST_HOST = "$(BUILT_PRODUCTS_DIR)/EmojiDictionary.app/EmojiDictionary";
			};
			name = Debug;
		};
		E54F2AA71E776BD20077844C /* Release */ = {
			isa = XCBuildConfiguration;
			buildSettings = {
				ALWAYS_EMBED_SWIFT_STANDARD_LIBRARIES = YES;
				BUNDLE_LOADER = "$(TEST_HOST)";
				INFOPLIST_FILE = EmojiDictionaryTests/Info.plist;
				LD_RUNPATH_SEARCH_PATHS = "$(inherited) @executable_path/Frameworks @loader_path/Frameworks";
				PRODUCT_BUNDLE_IDENTIFIER = Kyle.EmojiDictionaryTests;
				PRODUCT_NAME = "$(TARGET_NAME)";
				SWIFT_VERSION = 3.0;
				TEST_HOST = "$(BUILT_PRODUCTS_DIR)/EmojiDictionary.app/EmojiDictionary";
			};
			name = Release;
		};
		E54F2AA91E776BD20077844C /* Debug */ = {
			isa = XCBuildConfiguration;
			buildSettings = {
				ALWAYS_EMBED_SWIFT_STANDARD_LIBRARIES = YES;
				INFOPLIST_FILE = EmojiDictionaryUITests/Info.plist;
				LD_RUNPATH_SEARCH_PATHS = "$(inherited) @executable_path/Frameworks @loader_path/Frameworks";
				PRODUCT_BUNDLE_IDENTIFIER = Kyle.EmojiDictionaryUITests;
				PRODUCT_NAME = "$(TARGET_NAME)";
				SWIFT_VERSION = 3.0;
				TEST_TARGET_NAME = EmojiDictionary;
			};
			name = Debug;
		};
		E54F2AAA1E776BD20077844C /* Release */ = {
			isa = XCBuildConfiguration;
			buildSettings = {
				ALWAYS_EMBED_SWIFT_STANDARD_LIBRARIES = YES;
				INFOPLIST_FILE = EmojiDictionaryUITests/Info.plist;
				LD_RUNPATH_SEARCH_PATHS = "$(inherited) @executable_path/Frameworks @loader_path/Frameworks";
				PRODUCT_BUNDLE_IDENTIFIER = Kyle.EmojiDictionaryUITests;
				PRODUCT_NAME = "$(TARGET_NAME)";
				SWIFT_VERSION = 3.0;
				TEST_TARGET_NAME = EmojiDictionary;
			};
			name = Release;
		};
/* End XCBuildConfiguration section */

/* Begin XCConfigurationList section */
		E54F2A751E776BD20077844C /* Build configuration list for PBXProject "EmojiDictionary" */ = {
			isa = XCConfigurationList;
			buildConfigurations = (
				E54F2AA01E776BD20077844C /* Debug */,
				E54F2AA11E776BD20077844C /* Release */,
			);
			defaultConfigurationIsVisible = 0;
			defaultConfigurationName = Release;
		};
		E54F2AA21E776BD20077844C /* Build configuration list for PBXNativeTarget "EmojiDictionary" */ = {
			isa = XCConfigurationList;
			buildConfigurations = (
				E54F2AA31E776BD20077844C /* Debug */,
				E54F2AA41E776BD20077844C /* Release */,
			);
			defaultConfigurationIsVisible = 0;
			defaultConfigurationName = Release;
		};
		E54F2AA51E776BD20077844C /* Build configuration list for PBXNativeTarget "EmojiDictionaryTests" */ = {
			isa = XCConfigurationList;
			buildConfigurations = (
				E54F2AA61E776BD20077844C /* Debug */,
				E54F2AA71E776BD20077844C /* Release */,
			);
			defaultConfigurationIsVisible = 0;
			defaultConfigurationName = Release;
		};
		E54F2AA81E776BD20077844C /* Build configuration list for PBXNativeTarget "EmojiDictionaryUITests" */ = {
			isa = XCConfigurationList;
			buildConfigurations = (
				E54F2AA91E776BD20077844C /* Debug */,
				E54F2AAA1E776BD20077844C /* Release */,
			);
			defaultConfigurationIsVisible = 0;
			defaultConfigurationName = Release;
		};
/* End XCConfigurationList section */
	};
	rootObject = E54F2A721E776BD20077844C /* Project object */;
}
